
Microsoft Visual Studio Solution File, Format Version 12.00
# Visual Studio Version 16
VisualStudioVersion = 16.0.29318.209
MinimumVisualStudioVersion = 10.0.40219.1
Project("{FAE04EC0-301F-11D3-BF4B-00C04F79EFBC}") = "HRworks", "HRworks.csproj", "{C6912714-F404-4ABD-82F5-083D989A9950}"
EndProject
Global
	GlobalSection(SolutionConfigurationPlatforms) = preSolution
		Debug|Any CPU = Debug|Any CPU
		Release|Any CPU = Release|Any CPU
	EndGlobalSection
	GlobalSection(ProjectConfigurationPlatforms) = postSolution
		{C6912714-F404-4ABD-82F5-083D989A9950}.Debug|Any CPU.ActiveCfg = Debug|Any CPU
		{C6912714-F404-4ABD-82F5-083D989A9950}.Debug|Any CPU.Build.0 = Debug|Any CPU
		{C6912714-F404-4ABD-82F5-083D989A9950}.Release|Any CPU.ActiveCfg = Release|Any CPU
		{C6912714-F404-4ABD-82F5-083D989A9950}.Release|Any CPU.Build.0 = Release|Any CPU
	EndGlobalSection
	GlobalSection(SolutionProperties) = preSolution
		HideSolutionNode = FALSE
	EndGlobalSection
	GlobalSection(ExtensibilityGlobals) = postSolution
		SolutionGuid = {4A92B0ED-7596-441D-8DCD-020D91446FEC}
	EndGlobalSection
EndGlobal
